
Microsoft Visual Studio Solution File, Format Version 12.00
# Visual Studio Version 16
VisualStudioVersion = 16.0.29001.49
MinimumVisualStudioVersion = 10.0.40219.1
Project("{FAE04EC0-301F-11D3-BF4B-00C04F79EFBC}") = "Hello World New", "Hello World New\Hello World New.csproj", "{B5DB9BDB-337D-4A58-96D7-DAD81137CB19}"
EndProject
Global
	GlobalSection(SolutionConfigurationPlatforms) = preSolution
		Debug|Any CPU = Debug|Any CPU
		Release|Any CPU = Release|Any CPU
	EndGlobalSection
	GlobalSection(ProjectConfigurationPlatforms) = postSolution
		{B5DB9BDB-337D-4A58-96D7-DAD81137CB19}.Debug|Any CPU.ActiveCfg = Debug|Any CPU
		{B5DB9BDB-337D-4A58-96D7-DAD81137CB19}.Debug|Any CPU.Build.0 = Debug|Any CPU
		{B5DB9BDB-337D-4A58-96D7-DAD81137CB19}.Release|Any CPU.ActiveCfg = Release|Any CPU
		{B5DB9BDB-337D-4A58-96D7-DAD81137CB19}.Release|Any CPU.Build.0 = Release|Any CPU
	EndGlobalSection
	GlobalSection(SolutionProperties) = preSolution
		HideSolutionNode = FALSE
	EndGlobalSection
	GlobalSection(ExtensibilityGlobals) = postSolution
		SolutionGuid = {7335B3AA-7D13-48BA-853E-3EA9E900DE87}
	EndGlobalSection
EndGlobal
